
Microsoft Visual Studio Solution File, Format Version 12.00
# Visual Studio Version 16
VisualStudioVersion = 16.0.31424.327
MinimumVisualStudioVersion = 10.0.40219.1
Project("{FAE04EC0-301F-11D3-BF4B-00C04F79EFBC}") = "GitExample", "GitExample\GitExample.csproj", "{7347F535-5B97-4D0E-9437-52708F890CB9}"
EndProject
Global
	GlobalSection(SolutionConfigurationPlatforms) = preSolution
		Debug|Any CPU = Debug|Any CPU
		Release|Any CPU = Release|Any CPU
	EndGlobalSection
	GlobalSection(ProjectConfigurationPlatforms) = postSolution
		{7347F535-5B97-4D0E-9437-52708F890CB9}.Debug|Any CPU.ActiveCfg = Debug|Any CPU
		{7347F535-5B97-4D0E-9437-52708F890CB9}.Debug|Any CPU.Build.0 = Debug|Any CPU
		{7347F535-5B97-4D0E-9437-52708F890CB9}.Release|Any CPU.ActiveCfg = Release|Any CPU
		{7347F535-5B97-4D0E-9437-52708F890CB9}.Release|Any CPU.Build.0 = Release|Any CPU
	EndGlobalSection
	GlobalSection(SolutionProperties) = preSolution
		HideSolutionNode = FALSE
	EndGlobalSection
	GlobalSection(ExtensibilityGlobals) = postSolution
		SolutionGuid = {AC1C31F9-2A66-4105-AD16-34EE8D83A34C}
	EndGlobalSection
EndGlobal
